
Microsoft Visual Studio Solution File, Format Version 12.00
# Visual Studio Version 17
VisualStudioVersion = 17.5.33414.496
MinimumVisualStudioVersion = 10.0.40219.1
Project("{FAE04EC0-301F-11D3-BF4B-00C04F79EFBC}") = "Snake-Ladder", "Snake-Ladder.csproj", "{4013035E-0D1C-4987-9580-2CF3C264CFBD}"
EndProject
Global
	GlobalSection(SolutionConfigurationPlatforms) = preSolution
		Debug|Any CPU = Debug|Any CPU
		Release|Any CPU = Release|Any CPU
	EndGlobalSection
	GlobalSection(ProjectConfigurationPlatforms) = postSolution
		{4013035E-0D1C-4987-9580-2CF3C264CFBD}.Debug|Any CPU.ActiveCfg = Debug|Any CPU
		{4013035E-0D1C-4987-9580-2CF3C264CFBD}.Debug|Any CPU.Build.0 = Debug|Any CPU
		{4013035E-0D1C-4987-9580-2CF3C264CFBD}.Release|Any CPU.ActiveCfg = Release|Any CPU
		{4013035E-0D1C-4987-9580-2CF3C264CFBD}.Release|Any CPU.Build.0 = Release|Any CPU
	EndGlobalSection
	GlobalSection(SolutionProperties) = preSolution
		HideSolutionNode = FALSE
	EndGlobalSection
	GlobalSection(ExtensibilityGlobals) = postSolution
		SolutionGuid = {56CA53D3-8005-4F8E-80F0-1B3759111CBD}
	EndGlobalSection
EndGlobal
